
{
  "name": "chat",
  "version": "0.1.0",
  "lockfileVersion": 1,
  "requires": true,
  "dependencies": {
    "@babel/code-frame": {
      "version": "7.12.11",
      "resolved": "https://registry.npm.taobao.org/@babel/code-frame/download/@babel/code-frame-7.12.11.tgz?cache=0&sync_timestamp=1608074943205&other_urls=https%3A%2F%2Fregistry.npm.taobao.org%2F%40babel%2Fcode-frame%2Fdownload%2F%40babel%2Fcode-frame-7.12.11.tgz",
      "integrity": "sha1-9K1DWqJj25NbjxDyxVLSP7cWpj8=",
      "dev": true,
      "requires": {
        "@babel/highlight": "^7.10.4"
      }
    },
    "@babel/compat-data": {
      "version": "7.12.7",
      "resolved": "https://registry.npm.taobao.org/@babel/compat-data/download/@babel/compat-data-7.12.7.tgz?cache=0&sync_timestamp=1605906635911&other_urls=https%3A%2F%2Fregistry.npm.taobao.org%2F%40babel%2Fcompat-data%2Fdownload%2F%40babel%2Fcompat-data-7.12.7.tgz",
      "integrity": "sha1-kym0eCp9a71+71fhGt35HuPvHkE=",
      "dev": true
    },
    "@babel/core": {
      "version": "7.12.10",
      "resolved": "https://registry.npm.taobao.org/@babel/core/download/@babel/core-7.12.10.tgz?cache=0&sync_timestamp=1607569112592&other_urls=https%3A%2F%2Fregistry.npm.taobao.org%2F%40babel%2Fcore%2Fdownload%2F%40babel%2Fcore-7.12.10.tgz",
      "integrity": "sha1-t5ouG59w7T2Eu/ttjE74JfYGvM0=",
      "dev": true,
      "requires": {
        "@babel/code-frame": "^7.10.4",
        "@babel/generator": "^7.12.10",
        "@babel/helper-module-transforms": "^7.12.1",
        "@babel/helpers": "^7.12.5",
        "@babel/parser": "^7.12.10",
        "@babel/template": "^7.12.7",
        "@babel/traverse": "^7.12.10",
        "@babel/types": "^7.12.10",
        "convert-source-map": "^1.7.0",
        "debug": "^4.1.0",
        "gensync": "^1.0.0-beta.1",
        "json5": "^2.1.2",
        "lodash": "^4.17.19",
        "semver": "^5.4.1",
        "source-map": "^0.5.0"
      }
    },
    "@babel/generator": {
      "version": "7.12.11",
      "resolved": "https://registry.npm.taobao.org/@babel/generator/download/@babel/generator-7.12.11.tgz?cache=0&sync_timestamp=1608074944639&other_urls=https%3A%2F%2Fregistry.npm.taobao.org%2F%40babel%2Fgenerator%2Fdownload%2F%40babel%2Fgenerator-7.12.11.tgz",
      "integrity": "sha1-mKffe4w1jJo3qweiQFaFMBaro68=",
      "dev": true,
      "requires": {
        "@babel/types": "^7.12.11",
        "jsesc": "^2.5.1",
        "source-map": "^0.5.0"
      }
    },
    "@babel/helper-annotate-as-pure": {
      "version": "7.12.10",
      "resolved": "https://registry.npm.taobao.org/@babel/helper-annotate-as-pure/download/@babel/helper-annotate-as-pure-7.12.10.tgz?cache=0&sync_timestamp=1607584010526&other_urls=https%3A%2F%2Fregistry.npm.taobao.org%2F%40babel%2Fhelper-annotate-as-pure%2Fdownload%2F%40babel%2Fhelper-annotate-as-pure-7.12.10.tgz",
      "integrity": "sha1-VKubAA5gqTZEzhez830xOq8dEV0=",
      "dev": true,
      "requires": {
        "@babel/types": "^7.12.10"
      }
    },
    "@babel/helper-builder-binary-assignment-operator-visitor": {
      "version": "7.10.4",
      "resolved": "https://registry.npm.taobao.org/@babel/helper-builder-binary-assignment-operator-visitor/download/@babel/helper-builder-binary-assignment-operator-visitor-7.10.4.tgz?cache=0&sync_timestamp=1593523050621&other_urls=https%3A%2F%2Fregistry.npm.taobao.org%2F%40babel%2Fhelper-builder-binary-assignment-operator-visitor%2Fdownload%2F%40babel%2Fhelper-builder-binary-assignment-operator-visitor-7.10.4.tgz",
      "integrity": "sha1-uwt18xv5jL+f8UPBrleLhydK4aM=",
      "dev": true,
      "requires": {
        "@babel/helper-explode-assignable-expression": "^7.10.4",
        "@babel/types": "^7.10.4"
      }
    },
    "@babel/helper-compilation-targets": {
      "version": "7.12.5",
      "resolved": "https://registry.npm.taobao.org/@babel/helper-compilation-targets/download/@babel/helper-compilation-targets-7.12.5.tgz?cache=0&sync_timestamp=1604441110799&other_urls=https%3A%2F%2Fregistry.npm.taobao.org%2F%40babel%2Fhelper-compilation-targets%2Fdownload%2F%40babel%2Fhelper-compilation-targets-7.12.5.tgz",
      "integrity": "sha1-y0cMdhmNtqJOnbyJhydWMeXSmDE=",
      "dev": true,
      "requires": {
        "@babel/compat-data": "^7.12.5",
        "@babel/helper-validator-option": "^7.12.1",
        "browserslist": "^4.14.5",
        "semver": "^5.5.0"
      }
    },
    "@babel/helper-create-class-features-plugin": {
      "version": "7.12.1",
      "resolved": "https://registry.npm.taobao.org/@babel/helper-create-class-features-plugin/download/@babel/helper-create-class-features-plugin-7.12.1.tgz?cache=0&sync_timestamp=1602800054771&other_urls=https%3A%2F%2Fregistry.npm.taobao.org%2F%40babel%2Fhelper-create-class-features-plugin%2Fdownload%2F%40babel%2Fhelper-create-class-features-plugin-7.12.1.tgz",
      "integrity": "sha1-PEWZj0Me3UqSFMXx060USKYTf24=",
      "dev": true,
      "requires": {
        "@babel/helper-function-name": "^7.10.4",
        "@babel/helper-member-expression-to-functions": "^7.12.1",