
{
  "name": "chat",
  "version": "0.1.0",
  "lockfileVersion": 1,
  "requires": true,
  "dependencies": {
    "@babel/code-frame": {
      "version": "7.12.11",
      "resolved": "https://registry.npm.taobao.org/@babel/code-frame/download/@babel/code-frame-7.12.11.tgz?cache=0&sync_timestamp=1608074943205&other_urls=https%3A%2F%2Fregistry.npm.taobao.org%2F%40babel%2Fcode-frame%2Fdownload%2F%40babel%2Fcode-frame-7.12.11.tgz",
      "integrity": "sha1-9K1DWqJj25NbjxDyxVLSP7cWpj8=",
      "dev": true,
      "requires": {
        "@babel/highlight": "^7.10.4"
      }
    },
    "@babel/compat-data": {
      "version": "7.12.7",
      "resolved": "https://registry.npm.taobao.org/@babel/compat-data/download/@babel/compat-data-7.12.7.tgz?cache=0&sync_timestamp=1605906635911&other_urls=https%3A%2F%2Fregistry.npm.taobao.org%2F%40babel%2Fcompat-data%2Fdownload%2F%40babel%2Fcompat-data-7.12.7.tgz",
      "integrity": "sha1-kym0eCp9a71+71fhGt35HuPvHkE=",
      "dev": true
    },
    "@babel/core": {
      "version": "7.12.10",
      "resolved": "https://registry.npm.taobao.org/@babel/core/download/@babel/core-7.12.10.tgz?cache=0&sync_timestamp=1607569112592&other_urls=https%3A%2F%2Fregistry.npm.taobao.org%2F%40babel%2Fcore%2Fdownload%2F%40babel%2Fcore-7.12.10.tgz",
      "integrity": "sha1-t5ouG59w7T2Eu/ttjE74JfYGvM0=",
      "dev": true,
      "requires": {
        "@babel/code-frame": "^7.10.4",
        "@babel/generator": "^7.12.10",
        "@babel/helper-module-transforms": "^7.12.1",
        "@babel/helpers": "^7.12.5",
        "@babel/parser": "^7.12.10",
        "@babel/template": "^7.12.7",
        "@babel/traverse": "^7.12.10",
        "@babel/types": "^7.12.10",
        "convert-source-map": "^1.7.0",
        "debug": "^4.1.0",
        "gensync": "^1.0.0-beta.1",
        "json5": "^2.1.2",
        "lodash": "^4.17.19",
        "semver": "^5.4.1",
        "source-map": "^0.5.0"
      }
    },
    "@babel/generator": {
      "version": "7.12.11",